
Microsoft Visual Studio Solution File, Format Version 12.00
# Visual Studio Version 17
VisualStudioVersion = 17.14.36121.58 d17.14
MinimumVisualStudioVersion = 10.0.40219.1
Project("{FAE04EC0-301F-11D3-BF4B-00C04F79EFBC}") = "PSWin", "PSWin\PSWin.csproj", "{D8268999-29D0-4443-9678-651735C99134}"
EndProject
Global
	GlobalSection(SolutionConfigurationPlatforms) = preSolution
		Debug|Any CPU = Debug|Any CPU
		Release|Any CPU = Release|Any CPU
	EndGlobalSection
	GlobalSection(ProjectConfigurationPlatforms) = postSolution
		{D8268999-29D0-4443-9678-651735C99134}.Debug|Any CPU.ActiveCfg = Debug|Any CPU
		{D8268999-29D0-4443-9678-651735C99134}.Debug|Any CPU.Build.0 = Debug|Any CPU
		{D8268999-29D0-4443-9678-651735C99134}.Release|Any CPU.ActiveCfg = Release|Any CPU
		{D8268999-29D0-4443-9678-651735C99134}.Release|Any CPU.Build.0 = Release|Any CPU
	EndGlobalSection
	GlobalSection(SolutionProperties) = preSolution
		HideSolutionNode = FALSE
	EndGlobalSection
	GlobalSection(ExtensibilityGlobals) = postSolution
		SolutionGuid = {822D0F7C-E31F-4128-82DC-FD8245BEF2E4}
	EndGlobalSection
EndGlobal
